
Microsoft Visual Studio Solution File, Format Version 12.00
# Visual Studio 2013
VisualStudioVersion = 12.0.31101.0
MinimumVisualStudioVersion = 10.0.40219.1
Project("{2150E333-8FDC-42A3-9474-1A3956D46DE8}") = "Csited01", "Csited01", "{D3885C1F-27CE-438E-B833-9C887C45523A}"
EndProject
Project("{8BC9CEB8-8B4A-11D0-8D11-00A0C91BC942}") = "Csited01.Shared", "Csited01\Csited01.Shared\Csited01.Shared.vcxitems", "{E0564CFC-37E3-4AF5-B2EB-2ED9F2824450}"
EndProject
Project("{8BC9CEB8-8B4A-11D0-8D11-00A0C91BC942}") = "Csited01.Windows", "Csited01\Csited01.Windows\Csited01.Windows.vcxproj", "{62875B8F-1188-45CE-A117-E5735ABCABC6}"
EndProject
Project("{8BC9CEB8-8B4A-11D0-8D11-00A0C91BC942}") = "Csited01.WindowsPhone", "Csited01\Csited01.WindowsPhone\Csited01.WindowsPhone.vcxproj", "{F29AD8EE-D2BC-4F26-8C4B-A828E2BB340E}"
EndProject
Global
	GlobalSection(SharedMSBuildProjectFiles) = preSolution
		Csited01\Csited01.Shared\Csited01.Shared.vcxitems*{f29ad8ee-d2bc-4f26-8c4b-a828e2bb340e}*SharedItemsImports = 4
		Csited01\Csited01.Shared\Csited01.Shared.vcxitems*{62875b8f-1188-45ce-a117-e5735abcabc6}*SharedItemsImports = 4
		Csited01\Csited01.Shared\Csited01.Shared.vcxitems*{e0564cfc-37e3-4af5-b2eb-2ed9f2824450}*SharedItemsImports = 9
	EndGlobalSection
	GlobalSection(SolutionConfigurationPlatforms) = preSolution
		Debug|ARM = Debug|ARM
		Debug|Win32 = Debug|Win32
		Debug|x64 = Debug|x64
		Release|ARM = Release|ARM
		Release|Win32 = Release|Win32
		Release|x64 = Release|x64
	EndGlobalSection
	GlobalSection(ProjectConfigurationPlatforms) = postSolution
		{62875B8F-1188-45CE-A117-E5735ABCABC6}.Debug|ARM.ActiveCfg = Debug|ARM
		{62875B8F-1188-45CE-A117-E5735ABCABC6}.Debug|ARM.Build.0 = Debug|ARM
		{62875B8F-1188-45CE-A117-E5735ABCABC6}.Debug|ARM.Deploy.0 = Debug|ARM
		{62875B8F-1188-45CE-A117-E5735ABCABC6}.Debug|Win32.ActiveCfg = Debug|Win32
		{62875B8F-1188-45CE-A117-E5735ABCABC6}.Debug|Win32.Build.0 = Debug|Win32
		{62875B8F-1188-45CE-A117-E5735ABCABC6}.Debug|Win32.Deploy.0 = Debug|Win32
		{62875B8F-1188-45CE-A117-E5735ABCABC6}.Debug|x64.ActiveCfg = Debug|x64
		{62875B8F-1188-45CE-A117-E5735ABCABC6}.Debug|x64.Build.0 = Debug|x64
		{62875B8F-1188-45CE-A117-E5735ABCABC6}.Debug|x64.Deploy.0 = Debug|x64
		{62875B8F-1188-45CE-A117-E5735ABCABC6}.Release|ARM.ActiveCfg = Release|ARM
		{62875B8F-1188-45CE-A117-E5735ABCABC6}.Release|ARM.Build.0 = Release|ARM
		{62875B8F-1188-45CE-A117-E5735ABCABC6}.Release|ARM.Deploy.0 = Release|ARM
		{62875B8F-1188-45CE-A117-E5735ABCABC6}.Release|Win32.ActiveCfg = Release|Win32
		{62875B8F-1188-45CE-A117-E5735ABCABC6}.Release|Win32.Build.0 = Release|Win32
		{62875B8F-1188-45CE-A117-E5735ABCABC6}.Release|Win32.Deploy.0 = Release|Win32
		{62875B8F-1188-45CE-A117-E5735ABCABC6}.Release|x64.ActiveCfg = Release|x64
		{62875B8F-1188-45CE-A117-E5735ABCABC6}.Release|x64.Build.0 = Release|x64
		{62875B8F-1188-45CE-A117-E5735ABCABC6}.Release|x64.Deploy.0 = Release|x64
		{F29AD8EE-D2BC-4F26-8C4B-A828E2BB340E}.Debug|ARM.ActiveCfg = Debug|ARM
		{F29AD8EE-D2BC-4F26-8C4B-A828E2BB340E}.Debug|ARM.Build.0 = Debug|ARM
		{F29AD8EE-D2BC-4F26-8C4B-A828E2BB340E}.Debug|ARM.Deploy.0 = Debug|ARM
		{F29AD8EE-D2BC-4F26-8C4B-A828E2BB340E}.Debug|Win32.ActiveCfg = Debug|Win32
		{F29AD8EE-D2BC-4F26-8C4B-A828E2BB340E}.Debug|Win32.Build.0 = Debug|Win32
		{F29AD8EE-D2BC-4F26-8C4B-A828E2BB340E}.Debug|Win32.Deploy.0 = Debug|Win32
		{F29AD8EE-D2BC-4F26-8C4B-A828E2BB340E}.Debug|x64.ActiveCfg = Debug|Win32
		{F29AD8EE-D2BC-4F26-8C4B-A828E2BB340E}.Release|ARM.ActiveCfg = Release|ARM
		{F29AD8EE-D2BC-4F26-8C4B-A828E2BB340E}.Release|ARM.Build.0 = Release|ARM
		{F29AD8EE-D2BC-4F26-8C4B-A828E2BB340E}.Release|ARM.Deploy.0 = Release|ARM
		{F29AD8EE-D2BC-4F26-8C4B-A828E2BB340E}.Release|Win32.ActiveCfg = Release|Win32
		{F29AD8EE-D2BC-4F26-8C4B-A828E2BB340E}.Release|Win32.Build.0 = Release|Win32
		{F29AD8EE-D2BC-4F26-8C4B-A828E2BB340E}.Release|Win32.Deploy.0 = Release|Win32
		{F29AD8EE-D2BC-4F26-8C4B-A828E2BB340E}.Release|x64.ActiveCfg = Release|Win32
	EndGlobalSection
	GlobalSection(SolutionProperties) = preSolution
		HideSolutionNode = FALSE
	EndGlobalSection
	GlobalSection(NestedProjects) = preSolution
		{E0564CFC-37E3-4AF5-B2EB-2ED9F2824450} = {D3885C1F-27CE-438E-B833-9C887C45523A}
		{62875B8F-1188-45CE-A117-E5735ABCABC6} = {D3885C1F-27CE-438E-B833-9C887C45523A}
		{F29AD8EE-D2BC-4F26-8C4B-A828E2BB340E} = {D3885C1F-27CE-438E-B833-9C887C45523A}
	EndGlobalSection
EndGlobal
